{
  "name": "rollback-demo",
  "version": "1.0.0",
  "lockfileVersion": 3,
  "requires": true,
  "packages": {
    "": {
      "name": "rollback-demo",
      "version": "1.0.0",
      "dependencies": {
        "featurehub-javascript-client-sdk": "^1.5.0"
      }
    },
    "node_modules/featurehub-javascript-client-sdk": {
      "version": "1.5.0",
      "resolved": "https://registry.npmjs.org/featurehub-javascript-client-sdk/-/featurehub-javascript-client-sdk-1.5.0.tgz",
      "integrity": "sha512-0Jh0gcsgRUVxcokhGEisJXFtDWMhHKiDUbWBrMYOEYxkVfIqEjvxo5vKLR22m/z9mbl+p/FC44fPKoRbGoWLeQ==",
      "license": "MIT",
      "dependencies": {
        "featurehub-javascript-core-sdk": "^1.5.0",
        "murmurhash": "^2.0.1",
        "netmask": "^2.0.2",
        "semver-compare": "^1.0.0"
      },
      "engines": {
        "node": ">=20.0.0"
      }
    },
    "node_modules/featurehub-javascript-core-sdk": {
      "version": "1.5.0",
      "resolved": "https://registry.npmjs.org/featurehub-javascript-core-sdk/-/featurehub-javascript-core-sdk-1.5.0.tgz",
      "integrity": "sha512-giTlOw7Erh8Mrmejnfgm44BptcsQJLWd681GgXyUpaZPQDRvebat2eKPhWkdgPJNJ6V6QO6SB+bc6r8Sd3Jz6g==",
      "license": "MIT",
      "dependencies": {
        "murmurhash": "^2.0.1",
        "netmask": "^2.0.2",
        "semver-compare": "^1.0.0"
      },
      "engines": {
        "node": ">=20.0.0"
      }
    },
    "node_modules/murmurhash": {
      "version": "2.0.1",
      "resolved": "https://registry.npmjs.org/murmurhash/-/murmurhash-2.0.1.tgz",
      "integrity": "sha512-5vQEh3y+DG/lMPM0mCGPDnyV8chYg/g7rl6v3Gd8WMF9S429ox3Xk8qrk174kWhG767KQMqqxLD1WnGd77hiew==",
      "license": "MIT"
    },
    "node_modules/netmask": {
      "version": "2.0.2",
      "resolved": "https://registry.npmjs.org/netmask/-/netmask-2.0.2.tgz",
      "integrity": "sha512-dBpDMdxv9Irdq66304OLfEmQ9tbNRFnFTuZiLo+bD+r332bBmMJ8GBLXklIXXgxd3+v9+KUnZaUR5PJMa75Gsg==",
      "license": "MIT",
      "engines": {
        "node": ">= 0.4.0"
      }
    },
    "node_modules/semver-compare": {
      "version": "1.0.0",
      "resolved": "https://registry.npmjs.org/semver-compare/-/semver-compare-1.0.0.tgz",
      "integrity": "sha512-YM3/ITh2MJ5MtzaM429anh+x2jiLVjqILF4m4oyQB18W7Ggea7BfqdH/wGMK7dDiMghv/6WG7znWMwUDzJiXow==",
      "license": "MIT"
    }
  }
}
